
Microsoft Visual Studio Solution File, Format Version 12.00
# Visual Studio Version 16
VisualStudioVersion = 16.0.30717.126
MinimumVisualStudioVersion = 10.0.40219.1
Project("{FAE04EC0-301F-11D3-BF4B-00C04F79EFBC}") = "Event.Api", "Event\Event.Api.csproj", "{66176C1B-A8C6-463C-B0D1-10108FDE5977}"
EndProject
Project("{FAE04EC0-301F-11D3-BF4B-00C04F79EFBC}") = "Event.Data", "Event.Data\Event.Data.csproj", "{381C90AB-FC57-44FB-AA83-539116A2FBCB}"
EndProject
Project("{FAE04EC0-301F-11D3-BF4B-00C04F79EFBC}") = "Event.Logic", "Event.Logic\Event.Logic.csproj", "{14AB7A9C-5203-4516-9FAC-3CD5D658E25D}"
EndProject
Global
	GlobalSection(SolutionConfigurationPlatforms) = preSolution
		Debug|Any CPU = Debug|Any CPU
		Release|Any CPU = Release|Any CPU
	EndGlobalSection
	GlobalSection(ProjectConfigurationPlatforms) = postSolution
		{66176C1B-A8C6-463C-B0D1-10108FDE5977}.Debug|Any CPU.ActiveCfg = Debug|Any CPU
		{66176C1B-A8C6-463C-B0D1-10108FDE5977}.Debug|Any CPU.Build.0 = Debug|Any CPU
		{66176C1B-A8C6-463C-B0D1-10108FDE5977}.Release|Any CPU.ActiveCfg = Release|Any CPU
		{66176C1B-A8C6-463C-B0D1-10108FDE5977}.Release|Any CPU.Build.0 = Release|Any CPU
		{381C90AB-FC57-44FB-AA83-539116A2FBCB}.Debug|Any CPU.ActiveCfg = Debug|Any CPU
		{381C90AB-FC57-44FB-AA83-539116A2FBCB}.Debug|Any CPU.Build.0 = Debug|Any CPU
		{381C90AB-FC57-44FB-AA83-539116A2FBCB}.Release|Any CPU.ActiveCfg = Release|Any CPU
		{381C90AB-FC57-44FB-AA83-539116A2FBCB}.Release|Any CPU.Build.0 = Release|Any CPU
		{14AB7A9C-5203-4516-9FAC-3CD5D658E25D}.Debug|Any CPU.ActiveCfg = Debug|Any CPU
		{14AB7A9C-5203-4516-9FAC-3CD5D658E25D}.Debug|Any CPU.Build.0 = Debug|Any CPU
		{14AB7A9C-5203-4516-9FAC-3CD5D658E25D}.Release|Any CPU.ActiveCfg = Release|Any CPU
		{14AB7A9C-5203-4516-9FAC-3CD5D658E25D}.Release|Any CPU.Build.0 = Release|Any CPU
	EndGlobalSection
	GlobalSection(SolutionProperties) = preSolution
		HideSolutionNode = FALSE
	EndGlobalSection
	GlobalSection(ExtensibilityGlobals) = postSolution
		SolutionGuid = {E9D42CBD-FDD2-4728-8E6A-0C2B1CEC36AF}
	EndGlobalSection
EndGlobal
