
Microsoft Visual Studio Solution File, Format Version 12.00
# Visual Studio Version 16
VisualStudioVersion = 16.0.30717.126
MinimumVisualStudioVersion = 10.0.40219.1
Project("{9A19103F-16F7-4668-BE54-9A1E7A4F7556}") = "Event.Data", "Event.Data\Event.Data.csproj", "{381C90AB-FC57-44FB-AA83-539116A2FBCB}"
	ProjectSection(ProjectDependencies) = postProject
		{14AB7A9C-5203-4516-9FAC-3CD5D658E25D} = {14AB7A9C-5203-4516-9FAC-3CD5D658E25D}
	EndProjectSection
EndProject
Project("{9A19103F-16F7-4668-BE54-9A1E7A4F7556}") = "Event.Logic", "Event.Logic\Event.Logic.csproj", "{14AB7A9C-5203-4516-9FAC-3CD5D658E25D}"
EndProject
Project("{FAE04EC0-301F-11D3-BF4B-00C04F79EFBC}") = "Event.Api", "Event.Api\Event.Api.csproj", "{9F8AD4ED-7EBD-48CA-A6B0-C4ABFC9251AE}"
EndProject
Global
	GlobalSection(SolutionConfigurationPlatforms) = preSolution
		Debug|Any CPU = Debug|Any CPU
		Release|Any CPU = Release|Any CPU
	EndGlobalSection
	GlobalSection(ProjectConfigurationPlatforms) = postSolution
		{381C90AB-FC57-44FB-AA83-539116A2FBCB}.Debug|Any CPU.ActiveCfg = Debug|Any CPU
		{381C90AB-FC57-44FB-AA83-539116A2FBCB}.Debug|Any CPU.Build.0 = Debug|Any CPU
		{381C90AB-FC57-44FB-AA83-539116A2FBCB}.Release|Any CPU.ActiveCfg = Release|Any CPU
		{381C90AB-FC57-44FB-AA83-539116A2FBCB}.Release|Any CPU.Build.0 = Release|Any CPU
		{14AB7A9C-5203-4516-9FAC-3CD5D658E25D}.Debug|Any CPU.ActiveCfg = Debug|Any CPU
		{14AB7A9C-5203-4516-9FAC-3CD5D658E25D}.Debug|Any CPU.Build.0 = Debug|Any CPU
		{14AB7A9C-5203-4516-9FAC-3CD5D658E25D}.Release|Any CPU.ActiveCfg = Release|Any CPU
		{14AB7A9C-5203-4516-9FAC-3CD5D658E25D}.Release|Any CPU.Build.0 = Release|Any CPU
		{9F8AD4ED-7EBD-48CA-A6B0-C4ABFC9251AE}.Debug|Any CPU.ActiveCfg = Debug|Any CPU
		{9F8AD4ED-7EBD-48CA-A6B0-C4ABFC9251AE}.Debug|Any CPU.Build.0 = Debug|Any CPU
		{9F8AD4ED-7EBD-48CA-A6B0-C4ABFC9251AE}.Release|Any CPU.ActiveCfg = Release|Any CPU
		{9F8AD4ED-7EBD-48CA-A6B0-C4ABFC9251AE}.Release|Any CPU.Build.0 = Release|Any CPU
	EndGlobalSection
	GlobalSection(SolutionProperties) = preSolution
		HideSolutionNode = FALSE
	EndGlobalSection
	GlobalSection(ExtensibilityGlobals) = postSolution
		SolutionGuid = {E9D42CBD-FDD2-4728-8E6A-0C2B1CEC36AF}
	EndGlobalSection
EndGlobal
