
Microsoft Visual Studio Solution File, Format Version 12.00
# Visual Studio Version 16
VisualStudioVersion = 16.0.30717.126
MinimumVisualStudioVersion = 10.0.40219.1
Project("{FAE04EC0-301F-11D3-BF4B-00C04F79EFBC}") = "auth", "auth\auth.csproj", "{3DC69939-4CAC-455B-A823-87B72C5B7368}"
EndProject
Global
	GlobalSection(SolutionConfigurationPlatforms) = preSolution
		Debug|Any CPU = Debug|Any CPU
		Release|Any CPU = Release|Any CPU
	EndGlobalSection
	GlobalSection(ProjectConfigurationPlatforms) = postSolution
		{3DC69939-4CAC-455B-A823-87B72C5B7368}.Debug|Any CPU.ActiveCfg = Debug|Any CPU
		{3DC69939-4CAC-455B-A823-87B72C5B7368}.Debug|Any CPU.Build.0 = Debug|Any CPU
		{3DC69939-4CAC-455B-A823-87B72C5B7368}.Release|Any CPU.ActiveCfg = Release|Any CPU
		{3DC69939-4CAC-455B-A823-87B72C5B7368}.Release|Any CPU.Build.0 = Release|Any CPU
	EndGlobalSection
	GlobalSection(SolutionProperties) = preSolution
		HideSolutionNode = FALSE
	EndGlobalSection
	GlobalSection(ExtensibilityGlobals) = postSolution
		SolutionGuid = {21BFF783-8117-4FD0-91AF-293C8FA2D0AE}
	EndGlobalSection
EndGlobal
