
Microsoft Visual Studio Solution File, Format Version 12.00
# Visual Studio Version 16
VisualStudioVersion = 16.0.31112.23
MinimumVisualStudioVersion = 10.0.40219.1
Project("{FAE04EC0-301F-11D3-BF4B-00C04F79EFBC}") = "SharkTank.Api", "SharkTank.Api\SharkTank.Api.csproj", "{A2B28C78-EEF2-4092-A55A-7A2DC6D52EA9}"
	ProjectSection(ProjectDependencies) = postProject
		{1E32283A-ECC3-4E39-B15B-AD599F88C0C4} = {1E32283A-ECC3-4E39-B15B-AD599F88C0C4}
	EndProjectSection
EndProject
Project("{FAE04EC0-301F-11D3-BF4B-00C04F79EFBC}") = "SharkTank.Data", "SharkTank.Data\SharkTank.Data.csproj", "{F9A04D39-F040-4378-8273-398CAE3FE3C1}"
	ProjectSection(ProjectDependencies) = postProject
		{1E32283A-ECC3-4E39-B15B-AD599F88C0C4} = {1E32283A-ECC3-4E39-B15B-AD599F88C0C4}
	EndProjectSection
EndProject
Project("{FAE04EC0-301F-11D3-BF4B-00C04F79EFBC}") = "SharkTank.Logic", "SharkTank.Logic\SharkTank.Logic.csproj", "{1E32283A-ECC3-4E39-B15B-AD599F88C0C4}"
EndProject
Global
	GlobalSection(SolutionConfigurationPlatforms) = preSolution
		Debug|Any CPU = Debug|Any CPU
		Release|Any CPU = Release|Any CPU
	EndGlobalSection
	GlobalSection(ProjectConfigurationPlatforms) = postSolution
		{A2B28C78-EEF2-4092-A55A-7A2DC6D52EA9}.Debug|Any CPU.ActiveCfg = Debug|Any CPU
		{A2B28C78-EEF2-4092-A55A-7A2DC6D52EA9}.Debug|Any CPU.Build.0 = Debug|Any CPU
		{A2B28C78-EEF2-4092-A55A-7A2DC6D52EA9}.Release|Any CPU.ActiveCfg = Release|Any CPU
		{A2B28C78-EEF2-4092-A55A-7A2DC6D52EA9}.Release|Any CPU.Build.0 = Release|Any CPU
		{F9A04D39-F040-4378-8273-398CAE3FE3C1}.Debug|Any CPU.ActiveCfg = Debug|Any CPU
		{F9A04D39-F040-4378-8273-398CAE3FE3C1}.Debug|Any CPU.Build.0 = Debug|Any CPU
		{F9A04D39-F040-4378-8273-398CAE3FE3C1}.Release|Any CPU.ActiveCfg = Release|Any CPU
		{F9A04D39-F040-4378-8273-398CAE3FE3C1}.Release|Any CPU.Build.0 = Release|Any CPU
		{1E32283A-ECC3-4E39-B15B-AD599F88C0C4}.Debug|Any CPU.ActiveCfg = Debug|Any CPU
		{1E32283A-ECC3-4E39-B15B-AD599F88C0C4}.Debug|Any CPU.Build.0 = Debug|Any CPU
		{1E32283A-ECC3-4E39-B15B-AD599F88C0C4}.Release|Any CPU.ActiveCfg = Release|Any CPU
		{1E32283A-ECC3-4E39-B15B-AD599F88C0C4}.Release|Any CPU.Build.0 = Release|Any CPU
	EndGlobalSection
	GlobalSection(SolutionProperties) = preSolution
		HideSolutionNode = FALSE
	EndGlobalSection
	GlobalSection(ExtensibilityGlobals) = postSolution
		SolutionGuid = {816E377D-C191-45A0-81E4-E1D04EE9740C}
	EndGlobalSection
EndGlobal
