
Microsoft Visual Studio Solution File, Format Version 12.00
# Visual Studio Version 16
VisualStudioVersion = 16.0.31112.23
MinimumVisualStudioVersion = 10.0.40219.1
Project("{FAE04EC0-301F-11D3-BF4B-00C04F79EFBC}") = "Client.Api", "Client.Api\Client.Api.csproj", "{0AD870AE-9B80-401A-BAFF-EF586B038C7C}"
EndProject
Project("{FAE04EC0-301F-11D3-BF4B-00C04F79EFBC}") = "Client.Data", "Client.Data\Client.Data.csproj", "{2420E740-2753-4073-B183-217CCD053771}"
EndProject
Project("{FAE04EC0-301F-11D3-BF4B-00C04F79EFBC}") = "Client.Logic", "Client.Logic\Client.Logic.csproj", "{9C1F70B8-7BCD-4E4B-BEA2-0981370C2189}"
EndProject
Global
	GlobalSection(SolutionConfigurationPlatforms) = preSolution
		Debug|Any CPU = Debug|Any CPU
		Release|Any CPU = Release|Any CPU
	EndGlobalSection
	GlobalSection(ProjectConfigurationPlatforms) = postSolution
		{0AD870AE-9B80-401A-BAFF-EF586B038C7C}.Debug|Any CPU.ActiveCfg = Debug|Any CPU
		{0AD870AE-9B80-401A-BAFF-EF586B038C7C}.Debug|Any CPU.Build.0 = Debug|Any CPU
		{0AD870AE-9B80-401A-BAFF-EF586B038C7C}.Release|Any CPU.ActiveCfg = Release|Any CPU
		{0AD870AE-9B80-401A-BAFF-EF586B038C7C}.Release|Any CPU.Build.0 = Release|Any CPU
		{2420E740-2753-4073-B183-217CCD053771}.Debug|Any CPU.ActiveCfg = Debug|Any CPU
		{2420E740-2753-4073-B183-217CCD053771}.Debug|Any CPU.Build.0 = Debug|Any CPU
		{2420E740-2753-4073-B183-217CCD053771}.Release|Any CPU.ActiveCfg = Release|Any CPU
		{2420E740-2753-4073-B183-217CCD053771}.Release|Any CPU.Build.0 = Release|Any CPU
		{9C1F70B8-7BCD-4E4B-BEA2-0981370C2189}.Debug|Any CPU.ActiveCfg = Debug|Any CPU
		{9C1F70B8-7BCD-4E4B-BEA2-0981370C2189}.Debug|Any CPU.Build.0 = Debug|Any CPU
		{9C1F70B8-7BCD-4E4B-BEA2-0981370C2189}.Release|Any CPU.ActiveCfg = Release|Any CPU
		{9C1F70B8-7BCD-4E4B-BEA2-0981370C2189}.Release|Any CPU.Build.0 = Release|Any CPU
	EndGlobalSection
	GlobalSection(SolutionProperties) = preSolution
		HideSolutionNode = FALSE
	EndGlobalSection
	GlobalSection(ExtensibilityGlobals) = postSolution
		SolutionGuid = {31E1F24F-96F9-4D9A-8750-B2A0EA406E17}
	EndGlobalSection
EndGlobal
