{
  "requires": true,
  "lockfileVersion": 1,
  "dependencies": {
    "@angular/animations": {
      "version": "9.0.6",
      "resolved": "https://registry.npmjs.org/@angular/animations/-/animations-9.0.6.tgz",
      "integrity": "sha512-LNtzUrrjqLTlZyhuAEV0sdEV0yi52Ih/p+ozCr/ivhTSSemcPbniTBbJlFZO4NJ2BuS2iEXkXwZs3mm8Fvx5Sg=="
    },
    "@angular/cdk": {
      "version": "9.1.2",
      "resolved": "https://registry.npmjs.org/@angular/cdk/-/cdk-9.1.2.tgz",
      "integrity": "sha512-x5niyE0iYrbVtLYjJFw2MoS+OoSbJn6y/G2pNScviDwyjBBgqRh4YgUox2kMhdPumkvuh+eA6blZoE9qpvSo2w==",
      "requires": {
        "parse5": "^5.0.0"
      }
    },
    "@angular/material": {
      "version": "9.1.2",
      "resolved": "https://registry.npmjs.org/@angular/material/-/material-9.1.2.tgz",
      "integrity": "sha512-8uwwkSnsg/YlhqxD/+0Cj+1S97Xf5WUcgxSEXmC1r0/AD+o6PGL5ImIk4n+3tdgYqm7MoJZQthlIB2J0EVLjVw=="
    },
    "parse5": {
      "version": "5.1.1",
      "resolved": "https://registry.npmjs.org/parse5/-/parse5-5.1.1.tgz",
      "integrity": "sha512-ugq4DFI0Ptb+WWjAdOK16+u/nHfiIrcE+sh8kZMaM0WllQKLI9rOUq6c2b7cwPkXdzfQESqvoqK6ug7U/Yyzug==",
      "optional": true
    }
  }
}
