
Microsoft Visual Studio Solution File, Format Version 12.00
# Visual Studio Version 16
VisualStudioVersion = 16.0.29418.71
MinimumVisualStudioVersion = 10.0.40219.1
Project("{9A19103F-16F7-4668-BE54-9A1E7A4F7556}") = "Santa.Api", "Santa.Api\Santa.Api.csproj", "{D10C42F3-59C0-4FA2-BE42-6EDABC87B7FF}"
EndProject
Project("{9A19103F-16F7-4668-BE54-9A1E7A4F7556}") = "Santa.Logic", "Santa.Logic\Santa.Logic.csproj", "{0B3C5D68-F0FD-49F2-B31C-50974A24BD6C}"
EndProject
Project("{9A19103F-16F7-4668-BE54-9A1E7A4F7556}") = "Santa.Data", "Santa.Data\Santa.Data.csproj", "{80E765FE-5366-456E-8B08-1BE3405775F1}"
EndProject
Global
	GlobalSection(SolutionConfigurationPlatforms) = preSolution
		Debug|Any CPU = Debug|Any CPU
		Release|Any CPU = Release|Any CPU
	EndGlobalSection
	GlobalSection(ProjectConfigurationPlatforms) = postSolution
		{D10C42F3-59C0-4FA2-BE42-6EDABC87B7FF}.Debug|Any CPU.ActiveCfg = Debug|Any CPU
		{D10C42F3-59C0-4FA2-BE42-6EDABC87B7FF}.Debug|Any CPU.Build.0 = Debug|Any CPU
		{D10C42F3-59C0-4FA2-BE42-6EDABC87B7FF}.Release|Any CPU.ActiveCfg = Release|Any CPU
		{D10C42F3-59C0-4FA2-BE42-6EDABC87B7FF}.Release|Any CPU.Build.0 = Release|Any CPU
		{0B3C5D68-F0FD-49F2-B31C-50974A24BD6C}.Debug|Any CPU.ActiveCfg = Debug|Any CPU
		{0B3C5D68-F0FD-49F2-B31C-50974A24BD6C}.Debug|Any CPU.Build.0 = Debug|Any CPU
		{0B3C5D68-F0FD-49F2-B31C-50974A24BD6C}.Release|Any CPU.ActiveCfg = Release|Any CPU
		{0B3C5D68-F0FD-49F2-B31C-50974A24BD6C}.Release|Any CPU.Build.0 = Release|Any CPU
		{80E765FE-5366-456E-8B08-1BE3405775F1}.Debug|Any CPU.ActiveCfg = Debug|Any CPU
		{80E765FE-5366-456E-8B08-1BE3405775F1}.Debug|Any CPU.Build.0 = Debug|Any CPU
		{80E765FE-5366-456E-8B08-1BE3405775F1}.Release|Any CPU.ActiveCfg = Release|Any CPU
		{80E765FE-5366-456E-8B08-1BE3405775F1}.Release|Any CPU.Build.0 = Release|Any CPU
	EndGlobalSection
	GlobalSection(SolutionProperties) = preSolution
		HideSolutionNode = FALSE
	EndGlobalSection
	GlobalSection(ExtensibilityGlobals) = postSolution
		SolutionGuid = {53986112-6EE3-4F12-AC54-6772192E5923}
	EndGlobalSection
EndGlobal
